
Microsoft Visual Studio Solution File, Format Version 12.00
# Visual Studio 15
VisualStudioVersion = 15.0.28010.2016
MinimumVisualStudioVersion = 10.0.40219.1
Project("{FAE04EC0-301F-11D3-BF4B-00C04F79EFBC}") = "ReactButtons", "ReactButtons\ReactButtons.csproj", "{FD22E775-F20C-4CFB-95F9-9C5621524459}"
EndProject
Global
	GlobalSection(SolutionConfigurationPlatforms) = preSolution
		Debug|Any CPU = Debug|Any CPU
		Release|Any CPU = Release|Any CPU
	EndGlobalSection
	GlobalSection(ProjectConfigurationPlatforms) = postSolution
		{FD22E775-F20C-4CFB-95F9-9C5621524459}.Debug|Any CPU.ActiveCfg = Debug|Any CPU
		{FD22E775-F20C-4CFB-95F9-9C5621524459}.Debug|Any CPU.Build.0 = Debug|Any CPU
		{FD22E775-F20C-4CFB-95F9-9C5621524459}.Release|Any CPU.ActiveCfg = Release|Any CPU
		{FD22E775-F20C-4CFB-95F9-9C5621524459}.Release|Any CPU.Build.0 = Release|Any CPU
	EndGlobalSection
	GlobalSection(SolutionProperties) = preSolution
		HideSolutionNode = FALSE
	EndGlobalSection
	GlobalSection(ExtensibilityGlobals) = postSolution
		SolutionGuid = {F897B24E-20B6-4E84-B2C5-2779D5F53164}
	EndGlobalSection
EndGlobal
